{
  "originHash" : "1e7293ca25630171619452c573e1031f8e68a4b00f1594b78a9c59d822508473",
  "pins" : [
    {
      "identity" : "gomarketme-swift",
      "kind" : "remoteSourceControl",
      "location" : "https://github.com/GoMarketMe/gomarketme-swift.git",
      "state" : {
        "revision" : "99006f383c810562d7329a85ca79ee0e854b7aed",
        "version" : "6.0.0"
      }
    }
  ],
  "version" : 3
}
