{
  "originHash" : "59056a193ed35749063d9b752df13b31256aad4da24f3d96a8e941add0e46c76",
  "pins" : [
    {
      "identity" : "gomarketme-swift",
      "kind" : "remoteSourceControl",
      "location" : "https://github.com/GoMarketMe/gomarketme-swift",
      "state" : {
        "revision" : "df477cdb944a02945c2ec21b0e401e87507205c1",
        "version" : "3.0.1"
      }
    }
  ],
  "version" : 3
}
