{
  "originHash" : "1e7293ca25630171619452c573e1031f8e68a4b00f1594b78a9c59d822508473",
  "pins" : [
    {
      "identity" : "gomarketme-swift",
      "kind" : "remoteSourceControl",
      "location" : "https://github.com/GoMarketMe/gomarketme-swift.git",
      "state" : {
        "revision" : "59c38965c5d26643c53877adff77af447d175efc",
        "version" : "5.0.4"
      }
    }
  ],
  "version" : 3
}
