// !$*UTF8*$!
{
	archiveVersion = 1;
	classes = {
	};
	objectVersion = 56;
	objects = {

/* Begin PBXBuildFile section */
		33584F632BF6B8B60099CEFA /* GoMarketMeSwiftSampleAppApp.swift in Sources */ = {isa = PBXBuildFile; fileRef = 33584F622BF6B8B60099CEFA /* GoMarketMeSwiftSampleAppApp.swift */; };
		33584F652BF6B8B60099CEFA /* ContentView.swift in Sources */ = {isa = PBXBuildFile; fileRef = 33584F642BF6B8B60099CEFA /* ContentView.swift */; };
		33584F672BF6B8B70099CEFA /* Assets.xcassets in Resources */ = {isa = PBXBuildFile; fileRef = 33584F662BF6B8B70099CEFA /* Assets.xcassets */; };
		33584F6A2BF6B8B70099CEFA /* Preview Assets.xcassets in Resources */ = {isa = PBXBuildFile; fileRef = 33584F692BF6B8B70099CEFA /* Preview Assets.xcassets */; };
		33584F742BF6B8B70099CEFA /* GoMarketMeSwiftSampleAppTests.swift in Sources */ = {isa = PBXBuildFile; fileRef = 33584F732BF6B8B70099CEFA /* GoMarketMeSwiftSampleAppTests.swift */; };
		33584F7E2BF6B8B70099CEFA /* GoMarketMeSwiftSampleAppUITests.swift in Sources */ = {isa = PBXBuildFile; fileRef = 33584F7D2BF6B8B70099CEFA /* GoMarketMeSwiftSampleAppUITests.swift */; };
		33584F802BF6B8B70099CEFA /* GoMarketMeSwiftSampleAppUITestsLaunchTests.swift in Sources */ = {isa = PBXBuildFile; fileRef = 33584F7F2BF6B8B70099CEFA /* GoMarketMeSwiftSampleAppUITestsLaunchTests.swift */; };
		33A377622E0056E900CDC040 /* GoMarketMe in Frameworks */ = {isa = PBXBuildFile; productRef = 33A377612E0056E900CDC040 /* GoMarketMe */; };
/* End PBXBuildFile section */

/* Begin PBXContainerItemProxy section */
		33584F702BF6B8B70099CEFA /* PBXContainerItemProxy */ = {
			isa = PBXContainerItemProxy;
			containerPortal = 33584F572BF6B8B60099CEFA /* Project object */;
			proxyType = 1;
			remoteGlobalIDString = 33584F5E2BF6B8B60099CEFA;
			remoteInfo = GoMarketMeSwiftSampleApp;
		};
		33584F7A2BF6B8B70099CEFA /* PBXContainerItemProxy */ = {
			isa = PBXContainerItemProxy;
			containerPortal = 33584F572BF6B8B60099CEFA /* Project object */;
			proxyType = 1;
			remoteGlobalIDString = 33584F5E2BF6B8B60099CEFA;
			remoteInfo = GoMarketMeSwiftSampleApp;
		};
/* End PBXContainerItemProxy section */

/* Begin PBXFileReference section */
		33584F5F2BF6B8B60099CEFA /* GoMarketMeSwiftSampleApp.app */ = {isa = PBXFileReference; explicitFileType = wrapper.application; includeInIndex = 0; path = GoMarketMeSwiftSampleApp.app; sourceTree = BUILT_PRODUCTS_DIR; };
		33584F622BF6B8B60099CEFA /* GoMarketMeSwiftSampleAppApp.swift */ = {isa = PBXFileReference; lastKnownFileType = sourcecode.swift; path = GoMarketMeSwiftSampleAppApp.swift; sourceTree = "<group>"; };
		33584F642BF6B8B60099CEFA /* ContentView.swift */ = {isa = PBXFileReference; lastKnownFileType = sourcecode.swift; path = ContentView.swift; sourceTree = "<group>"; };
		33584F662BF6B8B70099CEFA /* Assets.xcassets */ = {isa = PBXFileReference; lastKnownFileType = folder.assetcatalog; path = Assets.xcassets; sourceTree = "<group>"; };
		33584F692BF6B8B70099CEFA /* Preview Assets.xcassets */ = {isa = PBXFileReference; lastKnownFileType = folder.assetcatalog; path = "Preview Assets.xcassets"; sourceTree = "<group>"; };
		33584F6F2BF6B8B70099CEFA /* GoMarketMeSwiftSampleAppTests.xctest */ = {isa = PBXFileReference; explicitFileType = wrapper.cfbundle; includeInIndex = 0; path = GoMarketMeSwiftSampleAppTests.xctest; sourceTree = BUILT_PRODUCTS_DIR; };
		33584F732BF6B8B70099CEFA /* GoMarketMeSwiftSampleAppTests.swift */ = {isa = PBXFileReference; lastKnownFileType = sourcecode.swift; path = GoMarketMeSwiftSampleAppTests.swift; sourceTree = "<group>"; };
		33584F792BF6B8B70099CEFA /* GoMarketMeSwiftSampleAppUITests.xctest */ = {isa = PBXFileReference; explicitFileType = wrapper.cfbundle; includeInIndex = 0; path = GoMarketMeSwiftSampleAppUITests.xctest; sourceTree = BUILT_PRODUCTS_DIR; };
		33584F7D2BF6B8B70099CEFA /* GoMarketMeSwiftSampleAppUITests.swift */ = {isa = PBXFileReference; lastKnownFileType = sourcecode.swift; path = GoMarketMeSwiftSampleAppUITests.swift; sourceTree = "<group>"; };
		33584F7F2BF6B8B70099CEFA /* GoMarketMeSwiftSampleAppUITestsLaunchTests.swift */ = {isa = PBXFileReference; lastKnownFileType = sourcecode.swift; path = GoMarketMeSwiftSampleAppUITestsLaunchTests.swift; sourceTree = "<group>"; };
/* End PBXFileReference section */

/* Begin PBXFrameworksBuildPhase section */
		33584F5C2BF6B8B60099CEFA /* Frameworks */ = {
			isa = PBXFrameworksBuildPhase;
			buildActionMask = 2147483647;
			files = (
				33A377622E0056E900CDC040 /* GoMarketMe in Frameworks */,
			);
			runOnlyForDeploymentPostprocessing = 0;
		};
		33584F6C2BF6B8B70099CEFA /* Frameworks */ = {
			isa = PBXFrameworksBuildPhase;
			buildActionMask = 2147483647;
			files = (
			);
			runOnlyForDeploymentPostprocessing = 0;
		};
		33584F762BF6B8B70099CEFA /* Frameworks */ = {
			isa = PBXFrameworksBuildPhase;
			buildActionMask = 2147483647;
			files = (
			);
			runOnlyForDeploymentPostprocessing = 0;
		};
/* End PBXFrameworksBuildPhase section */

/* Begin PBXGroup section */
		33584F562BF6B8B60099CEFA = {
			isa = PBXGroup;
			children = (
				33584F612BF6B8B60099CEFA /* GoMarketMeSwiftSampleApp */,
				33584F722BF6B8B70099CEFA /* GoMarketMeSwiftSampleAppTests */,
				33584F7C2BF6B8B70099CEFA /* GoMarketMeSwiftSampleAppUITests */,
				33584F602BF6B8B60099CEFA /* Products */,
			);
			sourceTree = "<group>";
		};
		33584F602BF6B8B60099CEFA /* Products */ = {
			isa = PBXGroup;
			children = (
				33584F5F2BF6B8B60099CEFA /* GoMarketMeSwiftSampleApp.app */,
				33584F6F2BF6B8B70099CEFA /* GoMarketMeSwiftSampleAppTests.xctest */,
				33584F792BF6B8B70099CEFA /* GoMarketMeSwiftSampleAppUITests.xctest */,
			);
			name = Products;
			sourceTree = "<group>";
		};
		33584F612BF6B8B60099CEFA /* GoMarketMeSwiftSampleApp */ = {
			isa = PBXGroup;
			children = (
				33584F622BF6B8B60099CEFA /* GoMarketMeSwiftSampleAppApp.swift */,
				33584F642BF6B8B60099CEFA /* ContentView.swift */,
				33584F662BF6B8B70099CEFA /* Assets.xcassets */,
				33584F682BF6B8B70099CEFA /* Preview Content */,
			);
			path = GoMarketMeSwiftSampleApp;
			sourceTree = "<group>";
		};
		33584F682BF6B8B70099CEFA /* Preview Content */ = {
			isa = PBXGroup;
			children = (
				33584F692BF6B8B70099CEFA /* Preview Assets.xcassets */,
			);
			path = "Preview Content";
			sourceTree = "<group>";
		};
		33584F722BF6B8B70099CEFA /* GoMarketMeSwiftSampleAppTests */ = {
			isa = PBXGroup;
			children = (
				33584F732BF6B8B70099CEFA /* GoMarketMeSwiftSampleAppTests.swift */,
			);
			path = GoMarketMeSwiftSampleAppTests;
			sourceTree = "<group>";
		};
		33584F7C2BF6B8B70099CEFA /* GoMarketMeSwiftSampleAppUITests */ = {
			isa = PBXGroup;
			children = (
				33584F7D2BF6B8B70099CEFA /* GoMarketMeSwiftSampleAppUITests.swift */,
				33584F7F2BF6B8B70099CEFA /* GoMarketMeSwiftSampleAppUITestsLaunchTests.swift */,
			);
			path = GoMarketMeSwiftSampleAppUITests;
			sourceTree = "<group>";
		};
/* End PBXGroup section */

/* Begin PBXNativeTarget section */
		33584F5E2BF6B8B60099CEFA /* GoMarketMeSwiftSampleApp */ = {
			isa = PBXNativeTarget;
			buildConfigurationList = 33584F832BF6B8B70099CEFA /* Build configuration list for PBXNativeTarget "GoMarketMeSwiftSampleApp" */;
			buildPhases = (
				33584F5B2BF6B8B60099CEFA /* Sources */,
				33584F5C2BF6B8B60099CEFA /* Frameworks */,
				33584F5D2BF6B8B60099CEFA /* Resources */,
			);
			buildRules = (
			);
			dependencies = (
			);
			name = GoMarketMeSwiftSampleApp;
			packageProductDependencies = (
				33A377612E0056E900CDC040 /* GoMarketMe */,
			);
			productName = GoMarketMeSwiftSampleApp;
			productReference = 33584F5F2BF6B8B60099CEFA /* GoMarketMeSwiftSampleApp.app */;
			productType = "com.apple.product-type.application";
		};
		33584F6E2BF6B8B70099CEFA /* GoMarketMeSwiftSampleAppTests */ = {
			isa = PBXNativeTarget;
			buildConfigurationList = 33584F862BF6B8B70099CEFA /* Build configuration list for PBXNativeTarget "GoMarketMeSwiftSampleAppTests" */;
			buildPhases = (
				33584F6B2BF6B8B70099CEFA /* Sources */,
				33584F6C2BF6B8B70099CEFA /* Frameworks */,
				33584F6D2BF6B8B70099CEFA /* Resources */,
			);
			buildRules = (
			);
			dependencies = (
				33584F712BF6B8B70099CEFA /* PBXTargetDependency */,
			);
			name = GoMarketMeSwiftSampleAppTests;
			productName = GoMarketMeSwiftSampleAppTests;
			productReference = 33584F6F2BF6B8B70099CEFA /* GoMarketMeSwiftSampleAppTests.xctest */;
			productType = "com.apple.product-type.bundle.unit-test";
		};
		33584F782BF6B8B70099CEFA /* GoMarketMeSwiftSampleAppUITests */ = {
			isa = PBXNativeTarget;
			buildConfigurationList = 33584F892BF6B8B70099CEFA /* Build configuration list for PBXNativeTarget "GoMarketMeSwiftSampleAppUITests" */;
			buildPhases = (
				33584F752BF6B8B70099CEFA /* Sources */,
				33584F762BF6B8B70099CEFA /* Frameworks */,
				33584F772BF6B8B70099CEFA /* Resources */,
			);
			buildRules = (
			);
			dependencies = (
				33584F7B2BF6B8B70099CEFA /* PBXTargetDependency */,
			);
			name = GoMarketMeSwiftSampleAppUITests;
			productName = GoMarketMeSwiftSampleAppUITests;
			productReference = 33584F792BF6B8B70099CEFA /* GoMarketMeSwiftSampleAppUITests.xctest */;
			productType = "com.apple.product-type.bundle.ui-testing";
		};
/* End PBXNativeTarget section */

/* Begin PBXProject section */
		33584F572BF6B8B60099CEFA /* Project object */ = {
			isa = PBXProject;
			attributes = {
				BuildIndependentTargetsInParallel = 1;
				LastSwiftUpdateCheck = 1510;
				LastUpgradeCheck = 1510;
				TargetAttributes = {
					33584F5E2BF6B8B60099CEFA = {
						CreatedOnToolsVersion = 15.1;
					};
					33584F6E2BF6B8B70099CEFA = {
						CreatedOnToolsVersion = 15.1;
						TestTargetID = 33584F5E2BF6B8B60099CEFA;
					};
					33584F782BF6B8B70099CEFA = {
						CreatedOnToolsVersion = 15.1;
						TestTargetID = 33584F5E2BF6B8B60099CEFA;
					};
				};
			};
			buildConfigurationList = 33584F5A2BF6B8B60099CEFA /* Build configuration list for PBXProject "GoMarketMeSwiftSampleApp" */;
			compatibilityVersion = "Xcode 14.0";
			developmentRegion = en;
			hasScannedForEncodings = 0;
			knownRegions = (
				en,
				Base,
			);
			mainGroup = 33584F562BF6B8B60099CEFA;
			packageReferences = (
				33A377602E0056E900CDC040 /* XCRemoteSwiftPackageReference "gomarketme-swift" */,
			);
			productRefGroup = 33584F602BF6B8B60099CEFA /* Products */;
			projectDirPath = "";
			projectRoot = "";
			targets = (
				33584F5E2BF6B8B60099CEFA /* GoMarketMeSwiftSampleApp */,
				33584F6E2BF6B8B70099CEFA /* GoMarketMeSwiftSampleAppTests */,
				33584F782BF6B8B70099CEFA /* GoMarketMeSwiftSampleAppUITests */,
			);
		};
/* End PBXProject section */

/* Begin PBXResourcesBuildPhase section */
		33584F5D2BF6B8B60099CEFA /* Resources */ = {
			isa = PBXResourcesBuildPhase;
			buildActionMask = 2147483647;
			files = (
				33584F6A2BF6B8B70099CEFA /* Preview Assets.xcassets in Resources */,
				33584F672BF6B8B70099CEFA /* Assets.xcassets in Resources */,
			);
			runOnlyForDeploymentPostprocessing = 0;
		};
		33584F6D2BF6B8B70099CEFA /* Resources */ = {
			isa = PBXResourcesBuildPhase;
			buildActionMask = 2147483647;
			files = (
			);
			runOnlyForDeploymentPostprocessing = 0;
		};
		33584F772BF6B8B70099CEFA /* Resources */ = {
			isa = PBXResourcesBuildPhase;
			buildActionMask = 2147483647;
			files = (
			);
			runOnlyForDeploymentPostprocessing = 0;
		};
/* End PBXResourcesBuildPhase section */

/* Begin PBXSourcesBuildPhase section */
		33584F5B2BF6B8B60099CEFA /* Sources */ = {
			isa = PBXSourcesBuildPhase;
			buildActionMask = 2147483647;
			files = (
				33584F652BF6B8B60099CEFA /* ContentView.swift in Sources */,
				33584F632BF6B8B60099CEFA /* GoMarketMeSwiftSampleAppApp.swift in Sources */,
			);
			runOnlyForDeploymentPostprocessing = 0;
		};
		33584F6B2BF6B8B70099CEFA /* Sources */ = {
			isa = PBXSourcesBuildPhase;
			buildActionMask = 2147483647;
			files = (
				33584F742BF6B8B70099CEFA /* GoMarketMeSwiftSampleAppTests.swift in Sources */,
			);
			runOnlyForDeploymentPostprocessing = 0;
		};
		33584F752BF6B8B70099CEFA /* Sources */ = {
			isa = PBXSourcesBuildPhase;
			buildActionMask = 2147483647;
			files = (
				33584F802BF6B8B70099CEFA /* GoMarketMeSwiftSampleAppUITestsLaunchTests.swift in Sources */,
				33584F7E2BF6B8B70099CEFA /* GoMarketMeSwiftSampleAppUITests.swift in Sources */,
			);
			runOnlyForDeploymentPostprocessing = 0;
		};
/* End PBXSourcesBuildPhase section */

/* Begin PBXTargetDependency section */
		33584F712BF6B8B70099CEFA /* PBXTargetDependency */ = {
			isa = PBXTargetDependency;
			target = 33584F5E2BF6B8B60099CEFA /* GoMarketMeSwiftSampleApp */;
			targetProxy = 33584F702BF6B8B70099CEFA /* PBXContainerItemProxy */;
		};
		33584F7B2BF6B8B70099CEFA /* PBXTargetDependency */ = {
			isa = PBXTargetDependency;
			target = 33584F5E2BF6B8B60099CEFA /* GoMarketMeSwiftSampleApp */;
			targetProxy = 33584F7A2BF6B8B70099CEFA /* PBXContainerItemProxy */;
		};
/* End PBXTargetDependency section */

/* Begin XCBuildConfiguration section */
		33584F812BF6B8B70099CEFA /* Debug */ = {
			isa = XCBuildConfiguration;
			buildSettings = {
				ALWAYS_SEARCH_USER_PATHS = NO;
				ASSETCATALOG_COMPILER_GENERATE_SWIFT_ASSET_SYMBOL_EXTENSIONS = YES;
				CLANG_ANALYZER_NONNULL = YES;
				CLANG_ANALYZER_NUMBER_OBJECT_CONVERSION = YES_AGGRESSIVE;
				CLANG_CXX_LANGUAGE_STANDARD = "gnu++20";
				CLANG_ENABLE_MODULES = YES;
				CLANG_ENABLE_OBJC_ARC = YES;
				CLANG_ENABLE_OBJC_WEAK = YES;
				CLANG_WARN_BLOCK_CAPTURE_AUTORELEASING = YES;
				CLANG_WARN_BOOL_CONVERSION = YES;
				CLANG_WARN_COMMA = YES;
				CLANG_WARN_CONSTANT_CONVERSION = YES;
				CLANG_WARN_DEPRECATED_OBJC_IMPLEMENTATIONS = YES;
				CLANG_WARN_DIRECT_OBJC_ISA_USAGE = YES_ERROR;
				CLANG_WARN_DOCUMENTATION_COMMENTS = YES;
				CLANG_WARN_EMPTY_BODY = YES;
				CLANG_WARN_ENUM_CONVERSION = YES;
				CLANG_WARN_INFINITE_RECURSION = YES;
				CLANG_WARN_INT_CONVERSION = YES;
				CLANG_WARN_NON_LITERAL_NULL_CONVERSION = YES;
				CLANG_WARN_OBJC_IMPLICIT_RETAIN_SELF = YES;
				CLANG_WARN_OBJC_LITERAL_CONVERSION = YES;
				CLANG_WARN_OBJC_ROOT_CLASS = YES_ERROR;
				CLANG_WARN_QUOTED_INCLUDE_IN_FRAMEWORK_HEADER = YES;
				CLANG_WARN_RANGE_LOOP_ANALYSIS = YES;
				CLANG_WARN_STRICT_PROTOTYPES = YES;
				CLANG_WARN_SUSPICIOUS_MOVE = YES;
				CLANG_WARN_UNGUARDED_AVAILABILITY = YES_AGGRESSIVE;
				CLANG_WARN_UNREACHABLE_CODE = YES;
				CLANG_WARN__DUPLICATE_METHOD_MATCH = YES;
				COPY_PHASE_STRIP = NO;
				DEBUG_INFORMATION_FORMAT = dwarf;
				ENABLE_STRICT_OBJC_MSGSEND = YES;
				ENABLE_TESTABILITY = YES;
				ENABLE_USER_SCRIPT_SANDBOXING = YES;
				GCC_C_LANGUAGE_STANDARD = gnu17;
				GCC_DYNAMIC_NO_PIC = NO;
				GCC_NO_COMMON_BLOCKS = YES;
				GCC_OPTIMIZATION_LEVEL = 0;
				GCC_PREPROCESSOR_DEFINITIONS = (
					"DEBUG=1",
					"$(inherited)",
				);
				GCC_WARN_64_TO_32_BIT_CONVERSION = YES;
				GCC_WARN_ABOUT_RETURN_TYPE = YES_ERROR;
				GCC_WARN_UNDECLARED_SELECTOR = YES;
				GCC_WARN_UNINITIALIZED_AUTOS = YES_AGGRESSIVE;
				GCC_WARN_UNUSED_FUNCTION = YES;
				GCC_WARN_UNUSED_VARIABLE = YES;
				IPHONEOS_DEPLOYMENT_TARGET = 15.0;
				LOCALIZATION_PREFERS_STRING_CATALOGS = YES;
				MTL_ENABLE_DEBUG_INFO = INCLUDE_SOURCE;
				MTL_FAST_MATH = YES;
				ONLY_ACTIVE_ARCH = YES;
				SDKROOT = iphoneos;
				SWIFT_ACTIVE_COMPILATION_CONDITIONS = "DEBUG $(inherited)";
				SWIFT_OPTIMIZATION_LEVEL = "-Onone";
			};
			name = Debug;
		};
		33584F822BF6B8B70099CEFA /* Release */ = {
			isa = XCBuildConfiguration;
			buildSettings = {
				ALWAYS_SEARCH_USER_PATHS = NO;
				ASSETCATALOG_COMPILER_GENERATE_SWIFT_ASSET_SYMBOL_EXTENSIONS = YES;
				CLANG_ANALYZER_NONNULL = YES;
				CLANG_ANALYZER_NUMBER_OBJECT_CONVERSION = YES_AGGRESSIVE;
				CLANG_CXX_LANGUAGE_STANDARD = "gnu++20";
				CLANG_ENABLE_MODULES = YES;
				CLANG_ENABLE_OBJC_ARC = YES;
				CLANG_ENABLE_OBJC_WEAK = YES;
				CLANG_WARN_BLOCK_CAPTURE_AUTORELEASING = YES;
				CLANG_WARN_BOOL_CONVERSION = YES;
				CLANG_WARN_COMMA = YES;
				CLANG_WARN_CONSTANT_CONVERSION = YES;
				CLANG_WARN_DEPRECATED_OBJC_IMPLEMENTATIONS = YES;
				CLANG_WARN_DIRECT_OBJC_ISA_USAGE = YES_ERROR;
				CLANG_WARN_DOCUMENTATION_COMMENTS = YES;
				CLANG_WARN_EMPTY_BODY = YES;
				CLANG_WARN_ENUM_CONVERSION = YES;
				CLANG_WARN_INFINITE_RECURSION = YES;
				CLANG_WARN_INT_CONVERSION = YES;
				CLANG_WARN_NON_LITERAL_NULL_CONVERSION = YES;
				CLANG_WARN_OBJC_IMPLICIT_RETAIN_SELF = YES;
				CLANG_WARN_OBJC_LITERAL_CONVERSION = YES;
				CLANG_WARN_OBJC_ROOT_CLASS = YES_ERROR;
				CLANG_WARN_QUOTED_INCLUDE_IN_FRAMEWORK_HEADER = YES;
				CLANG_WARN_RANGE_LOOP_ANALYSIS = YES;
				CLANG_WARN_STRICT_PROTOTYPES = YES;
				CLANG_WARN_SUSPICIOUS_MOVE = YES;
				CLANG_WARN_UNGUARDED_AVAILABILITY = YES_AGGRESSIVE;
				CLANG_WARN_UNREACHABLE_CODE = YES;
				CLANG_WARN__DUPLICATE_METHOD_MATCH = YES;
				COPY_PHASE_STRIP = NO;
				DEBUG_INFORMATION_FORMAT = "dwarf-with-dsym";
				ENABLE_NS_ASSERTIONS = NO;
				ENABLE_STRICT_OBJC_MSGSEND = YES;
				ENABLE_USER_SCRIPT_SANDBOXING = YES;
				GCC_C_LANGUAGE_STANDARD = gnu17;
				GCC_NO_COMMON_BLOCKS = YES;
				GCC_WARN_64_TO_32_BIT_CONVERSION = YES;
				GCC_WARN_ABOUT_RETURN_TYPE = YES_ERROR;
				GCC_WARN_UNDECLARED_SELECTOR = YES;
				GCC_WARN_UNINITIALIZED_AUTOS = YES_AGGRESSIVE;
				GCC_WARN_UNUSED_FUNCTION = YES;
				GCC_WARN_UNUSED_VARIABLE = YES;
				IPHONEOS_DEPLOYMENT_TARGET = 15.0;
				LOCALIZATION_PREFERS_STRING_CATALOGS = YES;
				MTL_ENABLE_DEBUG_INFO = NO;
				MTL_FAST_MATH = YES;
				SDKROOT = iphoneos;
				SWIFT_COMPILATION_MODE = wholemodule;
				VALIDATE_PRODUCT = YES;
			};
			name = Release;
		};
		33584F842BF6B8B70099CEFA /* Debug */ = {
			isa = XCBuildConfiguration;
			buildSettings = {
				ASSETCATALOG_COMPILER_APPICON_NAME = AppIcon;
				ASSETCATALOG_COMPILER_GLOBAL_ACCENT_COLOR_NAME = AccentColor;
				CODE_SIGN_STYLE = Automatic;
				CURRENT_PROJECT_VERSION = 9;
				DEVELOPMENT_ASSET_PATHS = "\"GoMarketMeSwiftSampleApp/Preview Content\"";
				DEVELOPMENT_TEAM = "";
				ENABLE_PREVIEWS = YES;
				GENERATE_INFOPLIST_FILE = YES;
				INFOPLIST_KEY_UIApplicationSceneManifest_Generation = YES;
				INFOPLIST_KEY_UIApplicationSupportsIndirectInputEvents = YES;
				INFOPLIST_KEY_UILaunchScreen_Generation = YES;
				INFOPLIST_KEY_UISupportedInterfaceOrientations_iPad = "UIInterfaceOrientationPortrait UIInterfaceOrientationPortraitUpsideDown UIInterfaceOrientationLandscapeLeft UIInterfaceOrientationLandscapeRight";
				INFOPLIST_KEY_UISupportedInterfaceOrientations_iPhone = "UIInterfaceOrientationPortrait UIInterfaceOrientationLandscapeLeft UIInterfaceOrientationLandscapeRight";
				IPHONEOS_DEPLOYMENT_TARGET = 16.0;
				LD_RUNPATH_SEARCH_PATHS = (
					"$(inherited)",
					"@executable_path/Frameworks",
				);
				MARKETING_VERSION = 2.0.0;
				PRODUCT_BUNDLE_IDENTIFIER = co.gomarketme.GoMarketMeSwiftSampleApp;
				PRODUCT_NAME = "$(TARGET_NAME)";
				SWIFT_EMIT_LOC_STRINGS = YES;
				SWIFT_VERSION = 5.0;
				TARGETED_DEVICE_FAMILY = "1,2";
			};
			name = Debug;
		};
		33584F852BF6B8B70099CEFA /* Release */ = {
			isa = XCBuildConfiguration;
			buildSettings = {
				ASSETCATALOG_COMPILER_APPICON_NAME = AppIcon;
				ASSETCATALOG_COMPILER_GLOBAL_ACCENT_COLOR_NAME = AccentColor;
				CODE_SIGN_STYLE = Automatic;
				CURRENT_PROJECT_VERSION = 9;
				DEVELOPMENT_ASSET_PATHS = "\"GoMarketMeSwiftSampleApp/Preview Content\"";
				DEVELOPMENT_TEAM = "";
				ENABLE_PREVIEWS = YES;
				GENERATE_INFOPLIST_FILE = YES;
				INFOPLIST_KEY_UIApplicationSceneManifest_Generation = YES;
				INFOPLIST_KEY_UIApplicationSupportsIndirectInputEvents = YES;
				INFOPLIST_KEY_UILaunchScreen_Generation = YES;
				INFOPLIST_KEY_UISupportedInterfaceOrientations_iPad = "UIInterfaceOrientationPortrait UIInterfaceOrientationPortraitUpsideDown UIInterfaceOrientationLandscapeLeft UIInterfaceOrientationLandscapeRight";
				INFOPLIST_KEY_UISupportedInterfaceOrientations_iPhone = "UIInterfaceOrientationPortrait UIInterfaceOrientationLandscapeLeft UIInterfaceOrientationLandscapeRight";
				IPHONEOS_DEPLOYMENT_TARGET = 16.0;
				LD_RUNPATH_SEARCH_PATHS = (
					"$(inherited)",
					"@executable_path/Frameworks",
				);
				MARKETING_VERSION = 2.0.0;
				PRODUCT_BUNDLE_IDENTIFIER = co.gomarketme.GoMarketMeSwiftSampleApp;
				PRODUCT_NAME = "$(TARGET_NAME)";
				SWIFT_EMIT_LOC_STRINGS = YES;
				SWIFT_VERSION = 5.0;
				TARGETED_DEVICE_FAMILY = "1,2";
			};
			name = Release;
		};
		33584F872BF6B8B70099CEFA /* Debug */ = {
			isa = XCBuildConfiguration;
			buildSettings = {
				ALWAYS_EMBED_SWIFT_STANDARD_LIBRARIES = YES;
				BUNDLE_LOADER = "$(TEST_HOST)";
				CODE_SIGN_STYLE = Automatic;
				CURRENT_PROJECT_VERSION = 1;
				DEVELOPMENT_TEAM = "";
				GENERATE_INFOPLIST_FILE = YES;
				IPHONEOS_DEPLOYMENT_TARGET = 15.0;
				MARKETING_VERSION = 1.0;
				PRODUCT_BUNDLE_IDENTIFIER = co.gomarketme.GoMarketMeSwiftSampleAppTests;
				PRODUCT_NAME = "$(TARGET_NAME)";
				SWIFT_EMIT_LOC_STRINGS = NO;
				SWIFT_VERSION = 5.0;
				TARGETED_DEVICE_FAMILY = "1,2";
				TEST_HOST = "$(BUILT_PRODUCTS_DIR)/GoMarketMeSwiftSampleApp.app/$(BUNDLE_EXECUTABLE_FOLDER_PATH)/GoMarketMeSwiftSampleApp";
			};
			name = Debug;
		};
		33584F882BF6B8B70099CEFA /* Release */ = {
			isa = XCBuildConfiguration;
			buildSettings = {
				ALWAYS_EMBED_SWIFT_STANDARD_LIBRARIES = YES;
				BUNDLE_LOADER = "$(TEST_HOST)";
				CODE_SIGN_STYLE = Automatic;
				CURRENT_PROJECT_VERSION = 1;
				DEVELOPMENT_TEAM = "";
				GENERATE_INFOPLIST_FILE = YES;
				IPHONEOS_DEPLOYMENT_TARGET = 15.0;
				MARKETING_VERSION = 1.0;
				PRODUCT_BUNDLE_IDENTIFIER = co.gomarketme.GoMarketMeSwiftSampleAppTests;
				PRODUCT_NAME = "$(TARGET_NAME)";
				SWIFT_EMIT_LOC_STRINGS = NO;
				SWIFT_VERSION = 5.0;
				TARGETED_DEVICE_FAMILY = "1,2";
				TEST_HOST = "$(BUILT_PRODUCTS_DIR)/GoMarketMeSwiftSampleApp.app/$(BUNDLE_EXECUTABLE_FOLDER_PATH)/GoMarketMeSwiftSampleApp";
			};
			name = Release;
		};
		33584F8A2BF6B8B70099CEFA /* Debug */ = {
			isa = XCBuildConfiguration;
			buildSettings = {
				ALWAYS_EMBED_SWIFT_STANDARD_LIBRARIES = YES;
				CODE_SIGN_STYLE = Automatic;
				CURRENT_PROJECT_VERSION = 1;
				DEVELOPMENT_TEAM = "";
				GENERATE_INFOPLIST_FILE = YES;
				MARKETING_VERSION = 1.0;
				PRODUCT_BUNDLE_IDENTIFIER = co.gomarketme.GoMarketMeSwiftSampleAppUITests;
				PRODUCT_NAME = "$(TARGET_NAME)";
				SWIFT_EMIT_LOC_STRINGS = NO;
				SWIFT_VERSION = 5.0;
				TARGETED_DEVICE_FAMILY = "1,2";
				TEST_TARGET_NAME = GoMarketMeSwiftSampleApp;
			};
			name = Debug;
		};
		33584F8B2BF6B8B70099CEFA /* Release */ = {
			isa = XCBuildConfiguration;
			buildSettings = {
				ALWAYS_EMBED_SWIFT_STANDARD_LIBRARIES = YES;
				CODE_SIGN_STYLE = Automatic;
				CURRENT_PROJECT_VERSION = 1;
				DEVELOPMENT_TEAM = "";
				GENERATE_INFOPLIST_FILE = YES;
				MARKETING_VERSION = 1.0;
				PRODUCT_BUNDLE_IDENTIFIER = co.gomarketme.GoMarketMeSwiftSampleAppUITests;
				PRODUCT_NAME = "$(TARGET_NAME)";
				SWIFT_EMIT_LOC_STRINGS = NO;
				SWIFT_VERSION = 5.0;
				TARGETED_DEVICE_FAMILY = "1,2";
				TEST_TARGET_NAME = GoMarketMeSwiftSampleApp;
			};
			name = Release;
		};
/* End XCBuildConfiguration section */

/* Begin XCConfigurationList section */
		33584F5A2BF6B8B60099CEFA /* Build configuration list for PBXProject "GoMarketMeSwiftSampleApp" */ = {
			isa = XCConfigurationList;
			buildConfigurations = (
				33584F812BF6B8B70099CEFA /* Debug */,
				33584F822BF6B8B70099CEFA /* Release */,
			);
			defaultConfigurationIsVisible = 0;
			defaultConfigurationName = Release;
		};
		33584F832BF6B8B70099CEFA /* Build configuration list for PBXNativeTarget "GoMarketMeSwiftSampleApp" */ = {
			isa = XCConfigurationList;
			buildConfigurations = (
				33584F842BF6B8B70099CEFA /* Debug */,
				33584F852BF6B8B70099CEFA /* Release */,
			);
			defaultConfigurationIsVisible = 0;
			defaultConfigurationName = Release;
		};
		33584F862BF6B8B70099CEFA /* Build configuration list for PBXNativeTarget "GoMarketMeSwiftSampleAppTests" */ = {
			isa = XCConfigurationList;
			buildConfigurations = (
				33584F872BF6B8B70099CEFA /* Debug */,
				33584F882BF6B8B70099CEFA /* Release */,
			);
			defaultConfigurationIsVisible = 0;
			defaultConfigurationName = Release;
		};
		33584F892BF6B8B70099CEFA /* Build configuration list for PBXNativeTarget "GoMarketMeSwiftSampleAppUITests" */ = {
			isa = XCConfigurationList;
			buildConfigurations = (
				33584F8A2BF6B8B70099CEFA /* Debug */,
				33584F8B2BF6B8B70099CEFA /* Release */,
			);
			defaultConfigurationIsVisible = 0;
			defaultConfigurationName = Release;
		};
/* End XCConfigurationList section */

/* Begin XCRemoteSwiftPackageReference section */
		33A377602E0056E900CDC040 /* XCRemoteSwiftPackageReference "gomarketme-swift" */ = {
			isa = XCRemoteSwiftPackageReference;
			repositoryURL = "https://github.com/GoMarketMe/gomarketme-swift";
			requirement = {
				kind = exactVersion;
				version = 3.0.0;
			};
		};
/* End XCRemoteSwiftPackageReference section */

/* Begin XCSwiftPackageProductDependency section */
		33A377612E0056E900CDC040 /* GoMarketMe */ = {
			isa = XCSwiftPackageProductDependency;
			package = 33A377602E0056E900CDC040 /* XCRemoteSwiftPackageReference "gomarketme-swift" */;
			productName = GoMarketMe;
		};
/* End XCSwiftPackageProductDependency section */
	};
	rootObject = 33584F572BF6B8B60099CEFA /* Project object */;
}
